github.com/skmcgrail/go-mod-test-pkg1 v1.1.0 h1:MApnBZNwWl/Z8Bxg9UZMijbC9yq44bUwuluY/zpcneg=
github.com/skmcgrail/go-mod-test-pkg1 v1.1.0/go.mod h1:ENnG8eFp94gnb7H8Dd76+LWD5s8PPu+CDj4mNNbiGA8=
github.com/skmcgrail/go-mod-test-pkg1/services/serviceA v1.1.0 h1:lS/y5/lYZ9cC66TnjQR7O4oGva7gzHydpcRB2ERWaaw=
github.com/skmcgrail/go-mod-test-pkg1/services/serviceA v1.1.0/go.mod h1:HjTOoQ9rNIraYHJDlTmsj9rszXXoJPpMgE45OoIfZ6A=
github.com/skmcgrail/go-mod-test-pkg1/services/serviceA/v2 v2.0.0-preview h1:f701FFyz05TcWDc3raxM3xJVinbO8FeT0EhR6x4Add4=
github.com/skmcgrail/go-mod-test-pkg1/services/serviceA/v2 v2.0.0-preview/go.mod h1:bpmS2PmJ73KEOrVeLYLO6sTbgXbKcq/OsI/MB1GlaA8=
github.com/skmcgrail/go-mod-test-pkg1/v2 v2.0.0-preview h1:BKAi5GS3ZRqXxRz4ByDu9UYEO4uQAMhLdB+jONgbR00=
github.com/skmcgrail/go-mod-test-pkg1/v2 v2.0.0-preview/go.mod h1:kxBk0LuIhqWtZ4m0ZHjofQHBo6+xM9X6i8SxYtf4d8Q=
